
Microsoft Visual Studio Solution File, Format Version 12.00
# Visual Studio Version 17
VisualStudioVersion = 17.3.32922.545
MinimumVisualStudioVersion = 10.0.40219.1
Project("{FAE04EC0-301F-11D3-BF4B-00C04F79EFBC}") = "CodeDevelop", "CodeDevelop\CodeDevelop.csproj", "{E684F4D4-D57C-44E9-9F63-32F8D2E4BA74}"
EndProject
Global
	GlobalSection(SolutionConfigurationPlatforms) = preSolution
		Debug|Any CPU = Debug|Any CPU
		Release|Any CPU = Release|Any CPU
	EndGlobalSection
	GlobalSection(ProjectConfigurationPlatforms) = postSolution
		{E684F4D4-D57C-44E9-9F63-32F8D2E4BA74}.Debug|Any CPU.ActiveCfg = Debug|Any CPU
		{E684F4D4-D57C-44E9-9F63-32F8D2E4BA74}.Debug|Any CPU.Build.0 = Debug|Any CPU
		{E684F4D4-D57C-44E9-9F63-32F8D2E4BA74}.Release|Any CPU.ActiveCfg = Release|Any CPU
		{E684F4D4-D57C-44E9-9F63-32F8D2E4BA74}.Release|Any CPU.Build.0 = Release|Any CPU
	EndGlobalSection
	GlobalSection(SolutionProperties) = preSolution
		HideSolutionNode = FALSE
	EndGlobalSection
	GlobalSection(ExtensibilityGlobals) = postSolution
		SolutionGuid = {339B2024-947A-4E89-9086-C7CAC4CF3554}
	EndGlobalSection
EndGlobal
